{
  "requires": true,
  "lockfileVersion": 1,
  "dependencies": {
    "isarray": {
      "version": "0.0.1",
      "resolved": "https://registry.npm.taobao.org/isarray/download/isarray-0.0.1.tgz",
      "integrity": "sha1-ihis/Kmo9Bd+Cav8YDiTmwXR7t8="
    },
    "page": {
      "version": "1.11.6",
      "resolved": "https://registry.npm.taobao.org/page/download/page-1.11.6.tgz",
      "integrity": "sha1-XvTvxwc3SbgIXM2qDc18ng3hL+M=",
      "requires": {
        "path-to-regexp": "~1.2.1"
      }
    },
    "path-to-regexp": {
      "version": "1.2.1",
      "resolved": "https://registry.npm.taobao.org/path-to-regexp/download/path-to-regexp-1.2.1.tgz?cache=0&other_urls=https%3A%2F%2Fregistry.npm.taobao.org%2Fpath-to-regexp%2Fdownload%2Fpath-to-regexp-1.2.1.tgz",
      "integrity": "sha1-szcFwUAjTYc8hyHHuf2LVB7Tr/k=",
      "requires": {
        "isarray": "0.0.1"
      }
    },
    "vue-route": {
      "version": "1.5.1",
      "resolved": "https://registry.npm.taobao.org/vue-route/download/vue-route-1.5.1.tgz",
      "integrity": "sha1-1k0T8gmIQ4k29g09K/GHykSK19M=",
      "requires": {
        "page": "^1.5.0"
      }
    }
  }
}
